
Microsoft Visual Studio Solution File, Format Version 12.00
# Visual Studio Version 17
VisualStudioVersion = 17.0.31912.275
MinimumVisualStudioVersion = 10.0.40219.1
Project("{FAE04EC0-301F-11D3-BF4B-00C04F79EFBC}") = "Tuan4_TranGiaHuy", "Tuan4_TranGiaHuy\Tuan4_TranGiaHuy.csproj", "{783078CB-7E1D-44EA-A1BE-9FDBAED1F242}"
EndProject
Global
	GlobalSection(SolutionConfigurationPlatforms) = preSolution
		Debug|Any CPU = Debug|Any CPU
		Release|Any CPU = Release|Any CPU
	EndGlobalSection
	GlobalSection(ProjectConfigurationPlatforms) = postSolution
		{783078CB-7E1D-44EA-A1BE-9FDBAED1F242}.Debug|Any CPU.ActiveCfg = Debug|Any CPU
		{783078CB-7E1D-44EA-A1BE-9FDBAED1F242}.Debug|Any CPU.Build.0 = Debug|Any CPU
		{783078CB-7E1D-44EA-A1BE-9FDBAED1F242}.Release|Any CPU.ActiveCfg = Release|Any CPU
		{783078CB-7E1D-44EA-A1BE-9FDBAED1F242}.Release|Any CPU.Build.0 = Release|Any CPU
	EndGlobalSection
	GlobalSection(SolutionProperties) = preSolution
		HideSolutionNode = FALSE
	EndGlobalSection
	GlobalSection(ExtensibilityGlobals) = postSolution
		SolutionGuid = {25E06E19-B0FA-41EC-8F0D-1EEF34BA3FDD}
	EndGlobalSection
EndGlobal
